
Microsoft Visual Studio Solution File, Format Version 12.00
# Visual Studio Version 17
VisualStudioVersion = 17.13.35818.85 d17.13
MinimumVisualStudioVersion = 10.0.40219.1
Project("{FAE04EC0-301F-11D3-BF4B-00C04F79EFBC}") = "tpmodul5_103022300003", "tpmodul5_103022300003.csproj", "{430B9980-443A-4058-9E8D-EE0A76DD3530}"
EndProject
Global
	GlobalSection(SolutionConfigurationPlatforms) = preSolution
		Debug|Any CPU = Debug|Any CPU
		Release|Any CPU = Release|Any CPU
	EndGlobalSection
	GlobalSection(ProjectConfigurationPlatforms) = postSolution
		{430B9980-443A-4058-9E8D-EE0A76DD3530}.Debug|Any CPU.ActiveCfg = Debug|Any CPU
		{430B9980-443A-4058-9E8D-EE0A76DD3530}.Debug|Any CPU.Build.0 = Debug|Any CPU
		{430B9980-443A-4058-9E8D-EE0A76DD3530}.Release|Any CPU.ActiveCfg = Release|Any CPU
		{430B9980-443A-4058-9E8D-EE0A76DD3530}.Release|Any CPU.Build.0 = Release|Any CPU
	EndGlobalSection
	GlobalSection(SolutionProperties) = preSolution
		HideSolutionNode = FALSE
	EndGlobalSection
	GlobalSection(ExtensibilityGlobals) = postSolution
		SolutionGuid = {CD0280E6-A893-4591-AE5D-84ED82C8FD85}
	EndGlobalSection
EndGlobal
